{
    "requires": true,
    "lockfileVersion": 1,
    "dependencies": {
        "jquery": {
            "version": "3.4.1",
            "resolved": "https://registry.npmjs.org/jquery/-/jquery-3.4.1.tgz",
            "integrity": "sha512-36+AdBzCL+y6qjw5Tx7HgzeGCzC81MDDgaUP8ld2zhx58HdqXGoBd+tHdrBMiyjGQs0Hxs/MLZTu/eHNJJuWPw==",
            "dev": true
        },
        "jquery.facebox": {
            "version": "1.4.1",
            "resolved": "https://registry.npmjs.org/jquery.facebox/-/jquery.facebox-1.4.1.tgz",
            "integrity": "sha1-hyi4o7+yAxeRsT/twKkKsUP6ixI=",
            "dev": true,
            "requires": {
                "jquery": ">=1.4.2"
            }
        },
        "ubuntu-fontface": {
            "version": "0.1.13",
            "resolved": "https://registry.npmjs.org/ubuntu-fontface/-/ubuntu-fontface-0.1.13.tgz",
            "integrity": "sha1-jruz3vweLLvJ3b5IAlQzlGJ5wJs=",
            "dev": true
        }
    }
}
